
Microsoft Visual Studio Solution File, Format Version 12.00
# Visual Studio Version 17
VisualStudioVersion = 17.5.33424.131
MinimumVisualStudioVersion = 10.0.40219.1
Project("{FAE04EC0-301F-11D3-BF4B-00C04F79EFBC}") = "Lab Sheet 4.3", "Lab Sheet 4.3.csproj", "{9527B39E-2D64-4806-9879-6B9A7EE39791}"
EndProject
Global
	GlobalSection(SolutionConfigurationPlatforms) = preSolution
		Debug|Any CPU = Debug|Any CPU
		Release|Any CPU = Release|Any CPU
	EndGlobalSection
	GlobalSection(ProjectConfigurationPlatforms) = postSolution
		{9527B39E-2D64-4806-9879-6B9A7EE39791}.Debug|Any CPU.ActiveCfg = Debug|Any CPU
		{9527B39E-2D64-4806-9879-6B9A7EE39791}.Debug|Any CPU.Build.0 = Debug|Any CPU
		{9527B39E-2D64-4806-9879-6B9A7EE39791}.Release|Any CPU.ActiveCfg = Release|Any CPU
		{9527B39E-2D64-4806-9879-6B9A7EE39791}.Release|Any CPU.Build.0 = Release|Any CPU
	EndGlobalSection
	GlobalSection(SolutionProperties) = preSolution
		HideSolutionNode = FALSE
	EndGlobalSection
	GlobalSection(ExtensibilityGlobals) = postSolution
		SolutionGuid = {086A5330-2D75-4BF7-ADDB-974976C544F7}
	EndGlobalSection
EndGlobal
